{
  "name": "visca",
  "lockfileVersion": 3,
  "requires": true,
  "packages": {
    "": {
      "dependencies": {
        "visca-over-ip": "^1.0.16"
      },
      "devDependencies": {
        "typescript": "^5.8.3"
      }
    },
    "node_modules/typescript": {
      "version": "5.8.3",
      "resolved": "https://registry.npmjs.org/typescript/-/typescript-5.8.3.tgz",
      "integrity": "sha512-p1diW6TqL9L07nNxvRMM7hMMw4c5XOo/1ibL4aAIGmSAt9slTE1Xgw5KWuof2uTOvCg9BY7ZRi+GaF+7sfgPeQ==",
      "dev": true,
      "license": "Apache-2.0",
      "bin": {
        "tsc": "bin/tsc",
        "tsserver": "bin/tsserver"
      },
      "engines": {
        "node": ">=14.17"
      }
    },
    "node_modules/visca-over-ip": {
      "version": "1.0.16",
      "resolved": "https://registry.npmjs.org/visca-over-ip/-/visca-over-ip-1.0.16.tgz",
      "integrity": "sha512-onpIUj/5NWjoCUMSeTxILYnMHB+J1CK2aV66EPwnA4MiQhkjFqntyw9Jv8YCBxkALxtTQn0tduVfRWxyPuOr3A==",
      "license": "ISC"
    }
  }
}
